{
  "version": 4,
  "terraform_version": "1.5.7",
  "serial": 11,
  "lineage": "5afd592f-9a8b-6077-6cf8-e9420829cf34",
  "outputs": {
    "cloud_storage_bucket": {
      "value": "articulate-store-staging",
      "type": "string"
    },
    "cs_creds": {
      "value": "{\n  \"type\": \"service_account\",\n  \"project_id\": \"articulate-staging\",\n  \"private_key_id\": \"36a69df4963472b110c9724f963f57e510225f06\",\n  \"private_key\": \"-----BEGIN PRIVATE KEY-----\\nMIIEvAIBADANBgkqhkiG9w0BAQEFAASCBKYwggSiAgEAAoIBAQCdaYil2DvGE3Xb\\ngfK16DpnZw0uLfpahiWDYWUtacEtxNF+hhzvYfG7boeNVV6Awe7Xk8SZfPz7IllS\\nxmGB2zjnPRnuZZm9s0mvl2omEE+XUdpbbJC4n29pI1OJEkFtcKYf7qaXJbEZKdpj\\nd6ezd13mx+PPxO6fis3EHpfUMw6lGYuO3aaTOJa3EvRJuKnjRYLltq3n/0xmoXeo\\nLtdzSx25NFsue01AlpWD9PgNDb0jPhzVjgbNpImxVktXS16jbUkV5nOJMB2psghG\\n6g+4BDDxHxTEKzoONm3B8RzXWIfXNTCC+4MzazwdDmInpzvNeHKvzrP0mk2HVKOn\\nfC5i0fU5AgMBAAECggEAPuhhGt46rSMz06CwLbB8Pry5UL5BMhIwRbwToj2EXVUt\\n3+GbCLPc1moKtBns5YobeH3ucOS5eWe1yNXNPAcvS4JorZRfB6fyB8F8Q2/7Tt8A\\nY88UWyQkcyESDlKEYUdGrLZET11Z1FOcmmnEVH2cwlEaIvtx3cKsDvem97/b13Co\\nlryzc3Afp79ZkSKrsy4yvo9oVgTuwYctiWVFqyZdEqkFE3gDFp3DQBD51bQEjac7\\n+PkflH6HVgym2Ji8JCFieGH5pQVEnzdvZ9pQQUmeRZiBjJ6P/9jLr2jDfc9Z0e2c\\nPVsKPQkLz76Gok7wH2h5tOFbDPG3Juztml9ryPw/TQKBgQDK2UDmAEF3nJwrdsFe\\n6NHhRPcMe8Um5zLw3Di9t7qLqiB4BnzPXdcjBHsOVizxaHWRn5ysu3MIW5IfZjPT\\nqhjyBXmt+ywQyb7bpe418fNpPFr2Jicdc9QUXBXjYf+d0gUcuTaWoP8p1qr8CEFd\\nGpyljORKL0+BpJvfPe1WS6i29wKBgQDGqHuHAvbHSrhMglhGjU/yKUFx2MnIYgB3\\nfAdQAWlzkAygqBOKTYO3rrakVtO3GWQxtvkY9UUfvgUGheuZloFxXoSA6NcF+qmi\\nxMK6c2e1K/7rsRCvbemy/1Grxgk/PXbcizrvDc0N0eTvRyeGX89T/9g+SptYjUOJ\\nzWmaL3+5TwKBgB2mEYlMokUEXAMyUWM47mxZsy5c7N0Zz+VKmvSH5TlCvYotkJKS\\nqb5Rilb3G4yRcxW82Z6Zq1+eWsZCHvMiGpFNYZKfcrplcoMSRrYVzjkkfDscKn1w\\nj6AGMaDRkxYTO3IOVD9B+um3mbhK0Jr2J80+waNiNOHDGJFRsN37IwbTAoGADvcY\\nPyZ5ArBdS94x2jbBBAQZmwLyyHahhF7CikNg90StvtiKiEuolYjC14R29H8kLh6T\\ni07Gw0pkRIaIJgzReYHeR3vC3v9wEgPyi2swL9S9onG3SQ/loAdd1qvXfH0b3Cdc\\n7C9E+DqMnX3lu1iyXKiUWLT0GOqjYNkpkGTtoT8CgYBW9ylQv6/rMWjRgEo8sBUB\\nrinnJjn6ho/iFvhFvQu8poipwUdJo3R7Xw7v/dVKXDtMF8oa8Gyt0BqBDl9Upf5B\\nozz0p7qIEoB7XxgT8vH5XMFGEfMJFFHEmTXopbicuBud6pnZFFKY5YfjoAzIEyZ3\\nBugZyDtWl9CgI1KVNK7l9w==\\n-----END PRIVATE KEY-----\\n\",\n  \"client_email\": \"cs-sa-staging@articulate-staging.iam.gserviceaccount.com\",\n  \"client_id\": \"108718824671367450785\",\n  \"auth_uri\": \"https://accounts.google.com/o/oauth2/auth\",\n  \"token_uri\": \"https://oauth2.googleapis.com/token\",\n  \"auth_provider_x509_cert_url\": \"https://www.googleapis.com/oauth2/v1/certs\",\n  \"client_x509_cert_url\": \"https://www.googleapis.com/robot/v1/metadata/x509/cs-sa-staging%40articulate-staging.iam.gserviceaccount.com\",\n  \"universe_domain\": \"googleapis.com\"\n}\n",
      "type": "string",
      "sensitive": true
    },
    "network_location": {
      "value": "us-central1",
      "type": "string"
    },
    "project_id": {
      "value": "articulate-staging",
      "type": "string"
    },
    "project_number": {
      "value": "1083165040886",
      "type": "string"
    },
    "region": {
      "value": "us-central1",
      "type": "string"
    },
    "storage_location": {
      "value": "US",
      "type": "string"
    }
  },
  "resources": [
    {
      "mode": "data",
      "type": "google_project",
      "name": "project",
      "provider": "provider[\"registry.terraform.io/hashicorp/google\"]",
      "instances": [
        {
          "schema_version": 0,
          "attributes": {
            "auto_create_network": null,
            "billing_account": "01AA6E-7FB14A-040963",
            "folder_id": null,
            "id": "projects/articulate-staging",
            "labels": {},
            "name": "articulate-staging",
            "number": "1083165040886",
            "org_id": null,
            "project_id": "articulate-staging",
            "skip_delete": null
          },
          "sensitive_attributes": []
        }
      ]
    },
    {
      "mode": "managed",
      "type": "google_project_service",
      "name": "resourcemanager",
      "provider": "provider[\"registry.terraform.io/hashicorp/google\"]",
      "instances": [
        {
          "schema_version": 0,
          "attributes": {
            "disable_dependent_services": null,
            "disable_on_destroy": false,
            "id": "articulate-staging/cloudresourcemanager.googleapis.com",
            "project": "articulate-staging",
            "service": "cloudresourcemanager.googleapis.com",
            "timeouts": null
          },
          "sensitive_attributes": [],
          "private": "eyJlMmJmYjczMC1lY2FhLTExZTYtOGY4OC0zNDM2M2JjN2M0YzAiOnsiY3JlYXRlIjoxMjAwMDAwMDAwMDAwLCJkZWxldGUiOjEyMDAwMDAwMDAwMDAsInJlYWQiOjYwMDAwMDAwMDAwMCwidXBkYXRlIjoxMjAwMDAwMDAwMDAwfX0="
        }
      ]
    },
    {
      "mode": "managed",
      "type": "google_project_service",
      "name": "services",
      "provider": "provider[\"registry.terraform.io/hashicorp/google\"]",
      "instances": [
        {
          "index_key": "iam.googleapis.com",
          "schema_version": 0,
          "attributes": {
            "disable_dependent_services": null,
            "disable_on_destroy": false,
            "id": "articulate-staging/iam.googleapis.com",
            "project": "articulate-staging",
            "service": "iam.googleapis.com",
            "timeouts": null
          },
          "sensitive_attributes": [],
          "private": "eyJlMmJmYjczMC1lY2FhLTExZTYtOGY4OC0zNDM2M2JjN2M0YzAiOnsiY3JlYXRlIjoxMjAwMDAwMDAwMDAwLCJkZWxldGUiOjEyMDAwMDAwMDAwMDAsInJlYWQiOjYwMDAwMDAwMDAwMCwidXBkYXRlIjoxMjAwMDAwMDAwMDAwfX0=",
          "dependencies": [
            "data.google_project.project",
            "google_project_service.resourcemanager"
          ]
        },
        {
          "index_key": "storage-api.googleapis.com",
          "schema_version": 0,
          "attributes": {
            "disable_dependent_services": null,
            "disable_on_destroy": false,
            "id": "articulate-staging/storage-api.googleapis.com",
            "project": "articulate-staging",
            "service": "storage-api.googleapis.com",
            "timeouts": null
          },
          "sensitive_attributes": [],
          "private": "eyJlMmJmYjczMC1lY2FhLTExZTYtOGY4OC0zNDM2M2JjN2M0YzAiOnsiY3JlYXRlIjoxMjAwMDAwMDAwMDAwLCJkZWxldGUiOjEyMDAwMDAwMDAwMDAsInJlYWQiOjYwMDAwMDAwMDAwMCwidXBkYXRlIjoxMjAwMDAwMDAwMDAwfX0=",
          "dependencies": [
            "data.google_project.project",
            "google_project_service.resourcemanager"
          ]
        }
      ]
    },
    {
      "mode": "managed",
      "type": "google_service_account",
      "name": "cloud_storage",
      "provider": "provider[\"registry.terraform.io/hashicorp/google\"]",
      "instances": [
        {
          "schema_version": 0,
          "attributes": {
            "account_id": "cs-sa-staging",
            "description": "staging cloud storage service account",
            "disabled": false,
            "display_name": "cs-sa-staging",
            "email": "cs-sa-staging@articulate-staging.iam.gserviceaccount.com",
            "id": "projects/articulate-staging/serviceAccounts/cs-sa-staging@articulate-staging.iam.gserviceaccount.com",
            "member": "serviceAccount:cs-sa-staging@articulate-staging.iam.gserviceaccount.com",
            "name": "projects/articulate-staging/serviceAccounts/cs-sa-staging@articulate-staging.iam.gserviceaccount.com",
            "project": "articulate-staging",
            "timeouts": null,
            "unique_id": "108718824671367450785"
          },
          "sensitive_attributes": [],
          "private": "eyJlMmJmYjczMC1lY2FhLTExZTYtOGY4OC0zNDM2M2JjN2M0YzAiOnsiY3JlYXRlIjozMDAwMDAwMDAwMDB9fQ=="
        }
      ]
    },
    {
      "mode": "managed",
      "type": "google_service_account_key",
      "name": "cloud_storage",
      "provider": "provider[\"registry.terraform.io/hashicorp/google\"]",
      "instances": [
        {
          "schema_version": 0,
          "attributes": {
            "id": "projects/articulate-staging/serviceAccounts/cs-sa-staging@articulate-staging.iam.gserviceaccount.com/keys/36a69df4963472b110c9724f963f57e510225f06",
            "keepers": null,
            "key_algorithm": "KEY_ALG_RSA_2048",
            "name": "projects/articulate-staging/serviceAccounts/cs-sa-staging@articulate-staging.iam.gserviceaccount.com/keys/36a69df4963472b110c9724f963f57e510225f06",
            "private_key": "ewogICJ0eXBlIjogInNlcnZpY2VfYWNjb3VudCIsCiAgInByb2plY3RfaWQiOiAiYXJ0aWN1bGF0ZS1zdGFnaW5nIiwKICAicHJpdmF0ZV9rZXlfaWQiOiAiMzZhNjlkZjQ5NjM0NzJiMTEwYzk3MjRmOTYzZjU3ZTUxMDIyNWYwNiIsCiAgInByaXZhdGVfa2V5IjogIi0tLS0tQkVHSU4gUFJJVkFURSBLRVktLS0tLVxuTUlJRXZBSUJBREFOQmdrcWhraUc5dzBCQVFFRkFBU0NCS1l3Z2dTaUFnRUFBb0lCQVFDZGFZaWwyRHZHRTNYYlxuZ2ZLMTZEcG5adzB1TGZwYWhpV0RZV1V0YWNFdHhORitoaHp2WWZHN2JvZU5WVjZBd2U3WGs4U1pmUHo3SWxsU1xueG1HQjJ6am5QUm51WlptOXMwbXZsMm9tRUUrWFVkcGJiSkM0bjI5cEkxT0pFa0Z0Y0tZZjdxYVhKYkVaS2RwalxuZDZlemQxM214K1BQeE82ZmlzM0VIcGZVTXc2bEdZdU8zYWFUT0phM0V2Ukp1S25qUllMbHRxM24vMHhtb1hlb1xuTHRkelN4MjVORnN1ZTAxQWxwV0Q5UGdORGIwalBoelZqZ2JOcElteFZrdFhTMTZqYlVrVjVuT0pNQjJwc2doR1xuNmcrNEJERHhIeFRFS3pvT05tM0I4UnpYV0lmWE5UQ0MrNE16YXp3ZERtSW5wenZOZUhLdnpyUDBtazJIVktPblxuZkM1aTBmVTVBZ01CQUFFQ2dnRUFQdWhoR3Q0NnJTTXowNkN3TGJCOFByeTVVTDVCTWhJd1Jid1RvajJFWFZVdFxuMytHYkNMUGMxbW9LdEJuczVZb2JlSDN1Y09TNWVXZTF5TlhOUEFjdlM0Sm9yWlJmQjZmeUI4RjhRMi83VHQ4QVxuWTg4VVd5UWtjeUVTRGxLRVlVZEdyTFpFVDExWjFGT2NtbW5FVkgyY3dsRWFJdnR4M2NLc0R2ZW05Ny9iMTNDb1xubHJ5emMzQWZwNzlaa1NLcnN5NHl2bzlvVmdUdXdZY3RpV1ZGcXlaZEVxa0ZFM2dERnAzRFFCRDUxYlFFamFjN1xuK1BrZmxINkhWZ3ltMkppOEpDRmllR0g1cFFWRW56ZHZaOXBRUVVtZVJaaUJqSjZQLzlqTHIyakRmYzlaMGUyY1xuUFZzS1BRa0x6NzZHb2s3d0gyaDV0T0ZiRFBHM0p1enRtbDlyeVB3L1RRS0JnUURLMlVEbUFFRjNuSndyZHNGZVxuNk5IaFJQY01lOFVtNXpMdzNEaTl0N3FMcWlCNEJuelBYZGNqQkhzT1ZpenhhSFdSbjV5c3UzTUlXNUlmWmpQVFxucWhqeUJYbXQreXdReWI3YnBlNDE4Zk5wUEZyMkppY2RjOVFVWEJYallmK2QwZ1VjdVRhV29QOHAxcXI4Q0VGZFxuR3B5bGpPUktMMCtCcEp2ZlBlMVdTNmkyOXdLQmdRREdxSHVIQXZiSFNyaE1nbGhHalUveUtVRngyTW5JWWdCM1xuZkFkUUFXbHprQXlncUJPS1RZTzNycmFrVnRPM0dXUXh0dmtZOVVVZnZnVUdoZXVabG9GeFhvU0E2TmNGK3FtaVxueE1LNmMyZTFLLzdyc1JDdmJlbXkvMUdyeGdrL1BYYmNpenJ2RGMwTjBlVHZSeWVHWDg5VC85ZytTcHRZalVPSlxueldtYUwzKzVUd0tCZ0IybUVZbE1va1VFWEFNeVVXTTQ3bXhac3k1YzdOMFp6K1ZLbXZTSDVUbEN2WW90a0pLU1xucWI1UmlsYjNHNHlSY3hXODJaNlpxMStlV3NaQ0h2TWlHcEZOWVpLZmNycGxjb01TUnJZVnpqa2tmRHNjS24xd1xuajZBR01hRFJreFlUTzNJT1ZEOUIrdW0zbWJoSzBKcjJKODArd2FOaU5PSERHSkZSc04zN0l3YlRBb0dBRHZjWVxuUHlaNUFyQmRTOTR4MmpiQkJBUVptd0x5eUhhaGhGN0Npa05nOTBTdHZ0aUtpRXVvbFlqQzE0UjI5SDhrTGg2VFxuaTA3R3cwcGtSSWFJSmd6UmVZSGVSM3ZDM3Y5d0VnUHlpMnN3TDlTOW9uRzNTUS9sb0FkZDFxdlhmSDBiM0NkY1xuN0M5RStEcU1uWDNsdTFpeVhLaVVXTFQwR09xallOa3BrR1R0b1Q4Q2dZQlc5eWxRdjYvck1XalJnRW84c0JVQlxucmlubkpqbjZoby9pRnZoRnZRdThwb2lwd1VkSm8zUjdYdzd2L2RWS1hEdE1GOG9hOEd5dDBCcUJEbDlVcGY1Qlxub3p6MHA3cUlFb0I3WHhnVDh2SDVYTUZHRWZNSkZGSEVtVFhvcGJpY3VCdWQ2cG5aRkZLWTVZZmpvQXpJRXlaM1xuQnVnWnlEdFdsOUNnSTFLVk5LN2w5dz09XG4tLS0tLUVORCBQUklWQVRFIEtFWS0tLS0tXG4iLAogICJjbGllbnRfZW1haWwiOiAiY3Mtc2Etc3RhZ2luZ0BhcnRpY3VsYXRlLXN0YWdpbmcuaWFtLmdzZXJ2aWNlYWNjb3VudC5jb20iLAogICJjbGllbnRfaWQiOiAiMTA4NzE4ODI0NjcxMzY3NDUwNzg1IiwKICAiYXV0aF91cmkiOiAiaHR0cHM6Ly9hY2NvdW50cy5nb29nbGUuY29tL28vb2F1dGgyL2F1dGgiLAogICJ0b2tlbl91cmkiOiAiaHR0cHM6Ly9vYXV0aDIuZ29vZ2xlYXBpcy5jb20vdG9rZW4iLAogICJhdXRoX3Byb3ZpZGVyX3g1MDlfY2VydF91cmwiOiAiaHR0cHM6Ly93d3cuZ29vZ2xlYXBpcy5jb20vb2F1dGgyL3YxL2NlcnRzIiwKICAiY2xpZW50X3g1MDlfY2VydF91cmwiOiAiaHR0cHM6Ly93d3cuZ29vZ2xlYXBpcy5jb20vcm9ib3QvdjEvbWV0YWRhdGEveDUwOS9jcy1zYS1zdGFnaW5nJTQwYXJ0aWN1bGF0ZS1zdGFnaW5nLmlhbS5nc2VydmljZWFjY291bnQuY29tIiwKICAidW5pdmVyc2VfZG9tYWluIjogImdvb2dsZWFwaXMuY29tIgp9Cg==",
            "private_key_type": "TYPE_GOOGLE_CREDENTIALS_FILE",
            "public_key": "LS0tLS1CRUdJTiBDRVJUSUZJQ0FURS0tLS0tCk1JSUMvRENDQWVTZ0F3SUJBZ0lJWUkvMWxleXpGSTB3RFFZSktvWklodmNOQVFFRkJRQXdJREVlTUJ3R0ExVUUKQXhNVk1UQTROekU0T0RJME5qY3hNelkzTkRVd056ZzFNQ0FYRFRJek1USXdPVEE1TVRrek5Gb1lEems1T1RreApNak14TWpNMU9UVTVXakFnTVI0d0hBWURWUVFERXhVeE1EZzNNVGc0TWpRMk56RXpOamMwTlRBM09EVXdnZ0VpCk1BMEdDU3FHU0liM0RRRUJBUVVBQTRJQkR3QXdnZ0VLQW9JQkFRQ2RhWWlsMkR2R0UzWGJnZksxNkRwblp3MHUKTGZwYWhpV0RZV1V0YWNFdHhORitoaHp2WWZHN2JvZU5WVjZBd2U3WGs4U1pmUHo3SWxsU3htR0IyempuUFJudQpaWm05czBtdmwyb21FRStYVWRwYmJKQzRuMjlwSTFPSkVrRnRjS1lmN3FhWEpiRVpLZHBqZDZlemQxM214K1BQCnhPNmZpczNFSHBmVU13NmxHWXVPM2FhVE9KYTNFdlJKdUtualJZTGx0cTNuLzB4bW9YZW9MdGR6U3gyNU5Gc3UKZTAxQWxwV0Q5UGdORGIwalBoelZqZ2JOcElteFZrdFhTMTZqYlVrVjVuT0pNQjJwc2doRzZnKzRCRER4SHhURQpLem9PTm0zQjhSelhXSWZYTlRDQys0TXphendkRG1JbnB6dk5lSEt2enJQMG1rMkhWS09uZkM1aTBmVTVBZ01CCkFBR2pPREEyTUF3R0ExVWRFd0VCL3dRQ01BQXdEZ1lEVlIwUEFRSC9CQVFEQWdlQU1CWUdBMVVkSlFFQi93UU0KTUFvR0NDc0dBUVVGQndNQ01BMEdDU3FHU0liM0RRRUJCUVVBQTRJQkFRQVFhSVF1eHBwM2ZCQkRTS2pVaEJVWQpZZWxiZDJiZjMzMGdVTUNNWFIwcTVZODZVd2IyM3RtZ3NLTThtTTgreTJCODAwVlc3b0dpTzFMTkVaNWFKeSs5Cm5EUjgwK1pEOWJyaHhGUjJqcU5zU281TEtMRmtYS1FsMFJ3TDNLU21wL0RDdmhQaWZMcS9kZS9wRm9zc3dYYUUKL29Fa2JRdE8yZjhGN05MNFFScytVRDJrRlpOQjJWbEhWT2JvTjN1TER5dDRzOEwxQmFJcUVDOXJKSVMrenRZMQpBSFhCbVpsSDllL1VIWUR6ZkVLWmJJRUh4VFRnbU03Mm8yL05pNkU0d2hBMlpBVWNDQ1A4RnVyOHhhZWxnalJ3CjdId3N6UEdnb2FqQWxTblRnYVZCN1NXUW0zbmZvMzFLS3kzLzJERVFIcFRSWFlOeHNpZGsrVDNOejFFRnVLMmwKLS0tLS1FTkQgQ0VSVElGSUNBVEUtLS0tLQo=",
            "public_key_data": null,
            "public_key_type": "TYPE_X509_PEM_FILE",
            "service_account_id": "projects/articulate-staging/serviceAccounts/cs-sa-staging@articulate-staging.iam.gserviceaccount.com",
            "valid_after": "2023-12-09T09:19:34Z",
            "valid_before": "9999-12-31T23:59:59Z"
          },
          "sensitive_attributes": [],
          "private": "bnVsbA==",
          "dependencies": [
            "google_service_account.cloud_storage"
          ]
        }
      ]
    },
    {
      "mode": "managed",
      "type": "google_storage_bucket",
      "name": "cloud_storage",
      "provider": "provider[\"registry.terraform.io/hashicorp/google\"]",
      "instances": [
        {
          "schema_version": 0,
          "attributes": {
            "autoclass": [],
            "cors": [
              {
                "max_age_seconds": 3600,
                "method": [
                  "GET",
                  "HEAD",
                  "PUT",
                  "POST"
                ],
                "origin": [
                  "*"
                ],
                "response_header": [
                  "*"
                ]
              }
            ],
            "custom_placement_config": [],
            "default_event_based_hold": false,
            "encryption": [],
            "force_destroy": false,
            "id": "articulate-store-staging",
            "labels": {},
            "lifecycle_rule": [
              {
                "action": [
                  {
                    "storage_class": "",
                    "type": "Delete"
                  }
                ],
                "condition": [
                  {
                    "age": 0,
                    "created_before": "",
                    "custom_time_before": "",
                    "days_since_custom_time": 0,
                    "days_since_noncurrent_time": 0,
                    "matches_prefix": [],
                    "matches_storage_class": [],
                    "matches_suffix": [],
                    "noncurrent_time_before": "",
                    "num_newer_versions": 3,
                    "with_state": "ANY"
                  }
                ]
              }
            ],
            "location": "US",
            "logging": [],
            "name": "articulate-store-staging",
            "project": "articulate-staging",
            "public_access_prevention": "inherited",
            "requester_pays": false,
            "retention_policy": [],
            "self_link": "https://www.googleapis.com/storage/v1/b/articulate-store-staging",
            "storage_class": "STANDARD",
            "timeouts": null,
            "uniform_bucket_level_access": true,
            "url": "gs://articulate-store-staging",
            "versioning": [
              {
                "enabled": true
              }
            ],
            "website": []
          },
          "sensitive_attributes": [],
          "private": "eyJlMmJmYjczMC1lY2FhLTExZTYtOGY4OC0zNDM2M2JjN2M0YzAiOnsiY3JlYXRlIjo2MDAwMDAwMDAwMDAsInJlYWQiOjI0MDAwMDAwMDAwMCwidXBkYXRlIjoyNDAwMDAwMDAwMDB9fQ==",
          "dependencies": [
            "data.google_project.project"
          ]
        }
      ]
    },
    {
      "mode": "managed",
      "type": "google_storage_bucket_iam_member",
      "name": "cloud_storage_creator",
      "provider": "provider[\"registry.terraform.io/hashicorp/google\"]",
      "instances": [
        {
          "schema_version": 0,
          "attributes": {
            "bucket": "b/articulate-store-staging",
            "condition": [],
            "etag": "CAU=",
            "id": "b/articulate-store-staging/roles/storage.objectCreator/serviceAccount:cs-sa-staging@articulate-staging.iam.gserviceaccount.com",
            "member": "serviceAccount:cs-sa-staging@articulate-staging.iam.gserviceaccount.com",
            "role": "roles/storage.objectCreator"
          },
          "sensitive_attributes": [],
          "private": "bnVsbA==",
          "dependencies": [
            "data.google_project.project",
            "google_service_account.cloud_storage",
            "google_storage_bucket.cloud_storage"
          ]
        }
      ]
    },
    {
      "mode": "managed",
      "type": "google_storage_bucket_iam_member",
      "name": "cloud_storage_viewer",
      "provider": "provider[\"registry.terraform.io/hashicorp/google\"]",
      "instances": [
        {
          "schema_version": 0,
          "attributes": {
            "bucket": "b/articulate-store-staging",
            "condition": [],
            "etag": "CAU=",
            "id": "b/articulate-store-staging/roles/storage.objectViewer/serviceAccount:cs-sa-staging@articulate-staging.iam.gserviceaccount.com",
            "member": "serviceAccount:cs-sa-staging@articulate-staging.iam.gserviceaccount.com",
            "role": "roles/storage.objectViewer"
          },
          "sensitive_attributes": [],
          "private": "bnVsbA==",
          "dependencies": [
            "data.google_project.project",
            "google_service_account.cloud_storage",
            "google_storage_bucket.cloud_storage"
          ]
        }
      ]
    },
    {
      "mode": "managed",
      "type": "google_storage_bucket_iam_member",
      "name": "legacy_bucket_writer",
      "provider": "provider[\"registry.terraform.io/hashicorp/google\"]",
      "instances": [
        {
          "schema_version": 0,
          "attributes": {
            "bucket": "b/articulate-store-staging",
            "condition": [],
            "etag": "CAU=",
            "id": "b/articulate-store-staging/roles/storage.legacyBucketWriter/serviceAccount:cs-sa-staging@articulate-staging.iam.gserviceaccount.com",
            "member": "serviceAccount:cs-sa-staging@articulate-staging.iam.gserviceaccount.com",
            "role": "roles/storage.legacyBucketWriter"
          },
          "sensitive_attributes": [],
          "private": "bnVsbA==",
          "dependencies": [
            "data.google_project.project",
            "google_service_account.cloud_storage",
            "google_storage_bucket.cloud_storage"
          ]
        }
      ]
    },
    {
      "mode": "managed",
      "type": "google_storage_bucket_iam_member",
      "name": "public",
      "provider": "provider[\"registry.terraform.io/hashicorp/google\"]",
      "instances": [
        {
          "schema_version": 0,
          "attributes": {
            "bucket": "b/articulate-store-staging",
            "condition": [],
            "etag": "CAU=",
            "id": "b/articulate-store-staging/roles/storage.objectViewer/allUsers",
            "member": "allUsers",
            "role": "roles/storage.objectViewer"
          },
          "sensitive_attributes": [],
          "private": "bnVsbA==",
          "dependencies": [
            "data.google_project.project",
            "google_storage_bucket.cloud_storage"
          ]
        }
      ]
    }
  ],
  "check_results": null
}
