{
  "version": 4,
  "terraform_version": "1.5.7",
  "serial": 12,
  "lineage": "50808449-df4c-03e0-9014-34cc335216eb",
  "outputs": {
    "cloud_storage_bucket": {
      "value": "articulate-store-production",
      "type": "string"
    },
    "cs_creds": {
      "value": "{\n  \"type\": \"service_account\",\n  \"project_id\": \"articulate-production-1\",\n  \"private_key_id\": \"c43ef53a9ce7f7bbaa236e77ffc714fbe4cc2fa7\",\n  \"private_key\": \"-----BEGIN PRIVATE KEY-----\\nMIIEvQIBADANBgkqhkiG9w0BAQEFAASCBKcwggSjAgEAAoIBAQCGIkHPt5aVT31u\\nqT78mM+TsyC0yS1cQR+fWpQ5g1xgRCIZ13FrZ4/f4n1sK1Mt7N7B0wypZhYmf6mg\\nu/v9YE5cUHlRL3r5ogprwRJxcdj9l5F9flmT6K7BgqNY02bvmW9BLcIws4BDVQlN\\nP8+f/2Zw+EqWKRamZqqHcctF6wuJkU4J7cYrOm8FEBkM3KaYtQpfefd5nJ+aYXht\\nJGRfIzyLrtES3b60CJuNQdDBEGlcLp2/MGaqFzPklT6DtYXUTSBtQu1Rd1+Zf6vG\\np5IGKTGUgxq4LyVzM3lPaq8xkjxRBzeQ+oY8pcxTdq1N2UfJMEwR/LNLqgxKJc7D\\nW78MZ1v/AgMBAAECggEAFQbSvT6gzugmmA3U72D/DT7DzkNJJpCY5fCbksZ6WSbl\\nF5rzzyvtXGHTWn0SLX1X0BeHARkdOMzDaQx+7JHHxuXglq70PqS9sHWUMA9yPhKf\\n/oWrgim0F2akt5xwIvgw/g0vx1WkMinm6uKpaAHv656ohpCLWet3KQNYI648YUSZ\\nVQwr3KmSBpgZPEw9aUDr8k1EicaiL7uE77wlvcj9vYHfoT3q2s1FA7NAC2qVCfqI\\nWUQdlteQcu77pNNLtjfYGQ0ssmvShvlEeCgjGEmKLqmnENch87gy/FLfUy61yl1A\\nHd9rs+2t/v72sB64prH8U/rAjEBxUYwrRnl+dQ+VqQKBgQC81n9bZaEatJkE2QBK\\nhI4C+WaWpLJ4apq2kpXC276NwxQjxwcY0p+cGZm+kS4iY8Ds9PPY1UV20E5bYLnb\\niDhLaB6EiBM/XX50DEErhDJUiCFDjiJBIgAVoNiZpbVO7mGpOejBonTjOeNj8wzP\\nwXqQv6Dyfi6sHj3F7SIRO0LipwKBgQC11wIyyMC4hRcCjOhXG46yfvOS5E9cRC3z\\n8i2DAJPz1S9pc+stqxWzMIUBMEEny79z0cmolRYh79KnMARV/2SzTtgj30tCMN8O\\nTZQOqNJCTLA9pEVDPEDD92LPYxIRDeXe/4ekmSjtEe0mhD2Ky7pKjdMJhvNOeslA\\njQukzrye6QKBgQCeUXMLDGSKQDk+EDSnRQTOx4vT5pbeT/oP8Utvx821ioT7DeUM\\nUaGRPQFh/NPh7yITR7ac5wlK+I+JGsoXnNgdmFhlorQIXvkikBefRUDxEARbX/Gm\\nC7xoZabTAlPEriTgvPVASlSXILRc2qu2Dq8UZiSoyVOV5/DAXPQ/4CBOZwKBgH07\\ncaEmD0xFJJ62CoGLUhBuTDPbFyjVL8y0+lEhgcPJC5kVo19VV2GMRd2WrRjKQrVy\\nQu7ellqS/0HzWNkdRe4Tm9nAu+T/IW+JUDF0ZTIR/MLHMohmo7gS1TM86MFkD+8v\\njux2KvByiyAerP+85TTZTgFetoxTFe1l9iHv24mZAoGACEiyUIw0A7GDumF/Oj0i\\nulYRSagnRe1EJt3kHRtCgE5wTAGg8zXRkfLkd/yQHGziJzbmGCFKOk6PfUBIXi9z\\nmlZArhBxlOJc82x2oERlGMKx9QM4PuC50brYmT+TwLSw6N1rmsjV3RhRbDnEUny3\\nAh7yRS3bNE45+w+v81g2I4E=\\n-----END PRIVATE KEY-----\\n\",\n  \"client_email\": \"cs-sa-production@articulate-production-1.iam.gserviceaccount.com\",\n  \"client_id\": \"117244197459300446007\",\n  \"auth_uri\": \"https://accounts.google.com/o/oauth2/auth\",\n  \"token_uri\": \"https://oauth2.googleapis.com/token\",\n  \"auth_provider_x509_cert_url\": \"https://www.googleapis.com/oauth2/v1/certs\",\n  \"client_x509_cert_url\": \"https://www.googleapis.com/robot/v1/metadata/x509/cs-sa-production%40articulate-production-1.iam.gserviceaccount.com\",\n  \"universe_domain\": \"googleapis.com\"\n}\n",
      "type": "string",
      "sensitive": true
    },
    "network_location": {
      "value": "us-central1",
      "type": "string"
    },
    "project_id": {
      "value": "articulate-production-1",
      "type": "string"
    },
    "project_number": {
      "value": "593853082457",
      "type": "string"
    },
    "region": {
      "value": "us-central1",
      "type": "string"
    },
    "storage_location": {
      "value": "US",
      "type": "string"
    }
  },
  "resources": [
    {
      "mode": "data",
      "type": "google_project",
      "name": "project",
      "provider": "provider[\"registry.terraform.io/hashicorp/google\"]",
      "instances": [
        {
          "schema_version": 0,
          "attributes": {
            "auto_create_network": null,
            "billing_account": "01AA6E-7FB14A-040963",
            "folder_id": null,
            "id": "projects/articulate-production-1",
            "labels": {},
            "name": "articulate-production-1",
            "number": "593853082457",
            "org_id": null,
            "project_id": "articulate-production-1",
            "skip_delete": null
          },
          "sensitive_attributes": []
        }
      ]
    },
    {
      "mode": "managed",
      "type": "google_project_service",
      "name": "resourcemanager",
      "provider": "provider[\"registry.terraform.io/hashicorp/google\"]",
      "instances": [
        {
          "schema_version": 0,
          "attributes": {
            "disable_dependent_services": null,
            "disable_on_destroy": false,
            "id": "articulate-production-1/cloudresourcemanager.googleapis.com",
            "project": "articulate-production-1",
            "service": "cloudresourcemanager.googleapis.com",
            "timeouts": null
          },
          "sensitive_attributes": [],
          "private": "eyJlMmJmYjczMC1lY2FhLTExZTYtOGY4OC0zNDM2M2JjN2M0YzAiOnsiY3JlYXRlIjoxMjAwMDAwMDAwMDAwLCJkZWxldGUiOjEyMDAwMDAwMDAwMDAsInJlYWQiOjYwMDAwMDAwMDAwMCwidXBkYXRlIjoxMjAwMDAwMDAwMDAwfX0="
        }
      ]
    },
    {
      "mode": "managed",
      "type": "google_project_service",
      "name": "services",
      "provider": "provider[\"registry.terraform.io/hashicorp/google\"]",
      "instances": [
        {
          "index_key": "iam.googleapis.com",
          "schema_version": 0,
          "attributes": {
            "disable_dependent_services": null,
            "disable_on_destroy": false,
            "id": "articulate-production-1/iam.googleapis.com",
            "project": "articulate-production-1",
            "service": "iam.googleapis.com",
            "timeouts": null
          },
          "sensitive_attributes": [],
          "private": "eyJlMmJmYjczMC1lY2FhLTExZTYtOGY4OC0zNDM2M2JjN2M0YzAiOnsiY3JlYXRlIjoxMjAwMDAwMDAwMDAwLCJkZWxldGUiOjEyMDAwMDAwMDAwMDAsInJlYWQiOjYwMDAwMDAwMDAwMCwidXBkYXRlIjoxMjAwMDAwMDAwMDAwfX0=",
          "dependencies": [
            "data.google_project.project",
            "google_project_service.resourcemanager"
          ]
        },
        {
          "index_key": "storage-api.googleapis.com",
          "schema_version": 0,
          "attributes": {
            "disable_dependent_services": null,
            "disable_on_destroy": false,
            "id": "articulate-production-1/storage-api.googleapis.com",
            "project": "articulate-production-1",
            "service": "storage-api.googleapis.com",
            "timeouts": null
          },
          "sensitive_attributes": [],
          "private": "eyJlMmJmYjczMC1lY2FhLTExZTYtOGY4OC0zNDM2M2JjN2M0YzAiOnsiY3JlYXRlIjoxMjAwMDAwMDAwMDAwLCJkZWxldGUiOjEyMDAwMDAwMDAwMDAsInJlYWQiOjYwMDAwMDAwMDAwMCwidXBkYXRlIjoxMjAwMDAwMDAwMDAwfX0=",
          "dependencies": [
            "data.google_project.project",
            "google_project_service.resourcemanager"
          ]
        }
      ]
    },
    {
      "mode": "managed",
      "type": "google_service_account",
      "name": "cloud_storage",
      "provider": "provider[\"registry.terraform.io/hashicorp/google\"]",
      "instances": [
        {
          "schema_version": 0,
          "attributes": {
            "account_id": "cs-sa-production",
            "description": "production cloud storage service account",
            "disabled": false,
            "display_name": "cs-sa-production",
            "email": "cs-sa-production@articulate-production-1.iam.gserviceaccount.com",
            "id": "projects/articulate-production-1/serviceAccounts/cs-sa-production@articulate-production-1.iam.gserviceaccount.com",
            "member": "serviceAccount:cs-sa-production@articulate-production-1.iam.gserviceaccount.com",
            "name": "projects/articulate-production-1/serviceAccounts/cs-sa-production@articulate-production-1.iam.gserviceaccount.com",
            "project": "articulate-production-1",
            "timeouts": null,
            "unique_id": "117244197459300446007"
          },
          "sensitive_attributes": [],
          "private": "eyJlMmJmYjczMC1lY2FhLTExZTYtOGY4OC0zNDM2M2JjN2M0YzAiOnsiY3JlYXRlIjozMDAwMDAwMDAwMDB9fQ=="
        }
      ]
    },
    {
      "mode": "managed",
      "type": "google_service_account_key",
      "name": "cloud_storage",
      "provider": "provider[\"registry.terraform.io/hashicorp/google\"]",
      "instances": [
        {
          "schema_version": 0,
          "attributes": {
            "id": "projects/articulate-production-1/serviceAccounts/cs-sa-production@articulate-production-1.iam.gserviceaccount.com/keys/c43ef53a9ce7f7bbaa236e77ffc714fbe4cc2fa7",
            "keepers": null,
            "key_algorithm": "KEY_ALG_RSA_2048",
            "name": "projects/articulate-production-1/serviceAccounts/cs-sa-production@articulate-production-1.iam.gserviceaccount.com/keys/c43ef53a9ce7f7bbaa236e77ffc714fbe4cc2fa7",
            "private_key": "ewogICJ0eXBlIjogInNlcnZpY2VfYWNjb3VudCIsCiAgInByb2plY3RfaWQiOiAiYXJ0aWN1bGF0ZS1wcm9kdWN0aW9uLTEiLAogICJwcml2YXRlX2tleV9pZCI6ICJjNDNlZjUzYTljZTdmN2JiYWEyMzZlNzdmZmM3MTRmYmU0Y2MyZmE3IiwKICAicHJpdmF0ZV9rZXkiOiAiLS0tLS1CRUdJTiBQUklWQVRFIEtFWS0tLS0tXG5NSUlFdlFJQkFEQU5CZ2txaGtpRzl3MEJBUUVGQUFTQ0JLY3dnZ1NqQWdFQUFvSUJBUUNHSWtIUHQ1YVZUMzF1XG5xVDc4bU0rVHN5QzB5UzFjUVIrZldwUTVnMXhnUkNJWjEzRnJaNC9mNG4xc0sxTXQ3TjdCMHd5cFpoWW1mNm1nXG51L3Y5WUU1Y1VIbFJMM3I1b2dwcndSSnhjZGo5bDVGOWZsbVQ2SzdCZ3FOWTAyYnZtVzlCTGNJd3M0QkRWUWxOXG5QOCtmLzJadytFcVdLUmFtWnFxSGNjdEY2d3VKa1U0SjdjWXJPbThGRUJrTTNLYVl0UXBmZWZkNW5KK2FZWGh0XG5KR1JmSXp5THJ0RVMzYjYwQ0p1TlFkREJFR2xjTHAyL01HYXFGelBrbFQ2RHRZWFVUU0J0UXUxUmQxK1pmNnZHXG5wNUlHS1RHVWd4cTRMeVZ6TTNsUGFxOHhranhSQnplUStvWThwY3hUZHExTjJVZkpNRXdSL0xOTHFneEtKYzdEXG5XNzhNWjF2L0FnTUJBQUVDZ2dFQUZRYlN2VDZnenVnbW1BM1U3MkQvRFQ3RHprTkpKcENZNWZDYmtzWjZXU2JsXG5GNXJ6enl2dFhHSFRXbjBTTFgxWDBCZUhBUmtkT016RGFReCs3SkhIeHVYZ2xxNzBQcVM5c0hXVU1BOXlQaEtmXG4vb1dyZ2ltMEYyYWt0NXh3SXZndy9nMHZ4MVdrTWlubTZ1S3BhQUh2NjU2b2hwQ0xXZXQzS1FOWUk2NDhZVVNaXG5WUXdyM0ttU0JwZ1pQRXc5YVVEcjhrMUVpY2FpTDd1RTc3d2x2Y2o5dllIZm9UM3EyczFGQTdOQUMycVZDZnFJXG5XVVFkbHRlUWN1NzdwTk5MdGpmWUdRMHNzbXZTaHZsRWVDZ2pHRW1LTHFtbkVOY2g4N2d5L0ZMZlV5NjF5bDFBXG5IZDlycysydC92NzJzQjY0cHJIOFUvckFqRUJ4VVl3clJubCtkUStWcVFLQmdRQzgxbjliWmFFYXRKa0UyUUJLXG5oSTRDK1dhV3BMSjRhcHEya3BYQzI3Nk53eFFqeHdjWTBwK2NHWm0ra1M0aVk4RHM5UFBZMVVWMjBFNWJZTG5iXG5pRGhMYUI2RWlCTS9YWDUwREVFcmhESlVpQ0ZEamlKQklnQVZvTmlacGJWTzdtR3BPZWpCb25Uak9lTmo4d3pQXG53WHFRdjZEeWZpNnNIajNGN1NJUk8wTGlwd0tCZ1FDMTF3SXl5TUM0aFJjQ2pPaFhHNDZ5ZnZPUzVFOWNSQzN6XG44aTJEQUpQejFTOXBjK3N0cXhXek1JVUJNRUVueTc5ejBjbW9sUlloNzlLbk1BUlYvMlN6VHRnajMwdENNTjhPXG5UWlFPcU5KQ1RMQTlwRVZEUEVERDkyTFBZeElSRGVYZS80ZWttU2p0RWUwbWhEMkt5N3BLamRNSmh2Tk9lc2xBXG5qUXVrenJ5ZTZRS0JnUUNlVVhNTERHU0tRRGsrRURTblJRVE94NHZUNXBiZVQvb1A4VXR2eDgyMWlvVDdEZVVNXG5VYUdSUFFGaC9OUGg3eUlUUjdhYzV3bEsrSStKR3NvWG5OZ2RtRmhsb3JRSVh2a2lrQmVmUlVEeEVBUmJYL0dtXG5DN3hvWmFiVEFsUEVyaVRndlBWQVNsU1hJTFJjMnF1MkRxOFVaaVNveVZPVjUvREFYUFEvNENCT1p3S0JnSDA3XG5jYUVtRDB4RkpKNjJDb0dMVWhCdVREUGJGeWpWTDh5MCtsRWhnY1BKQzVrVm8xOVZWMkdNUmQyV3JSaktRclZ5XG5RdTdlbGxxUy8wSHpXTmtkUmU0VG05bkF1K1QvSVcrSlVERjBaVElSL01MSE1vaG1vN2dTMVRNODZNRmtEKzh2XG5qdXgyS3ZCeWl5QWVyUCs4NVRUWlRnRmV0b3hURmUxbDlpSHYyNG1aQW9HQUNFaXlVSXcwQTdHRHVtRi9PajBpXG51bFlSU2FnblJlMUVKdDNrSFJ0Q2dFNXdUQUdnOHpYUmtmTGtkL3lRSEd6aUp6Ym1HQ0ZLT2s2UGZVQklYaTl6XG5tbFpBcmhCeGxPSmM4Mngyb0VSbEdNS3g5UU00UHVDNTBiclltVCtUd0xTdzZOMXJtc2pWM1JoUmJEbkVVbnkzXG5BaDd5UlMzYk5FNDUrdyt2ODFnMkk0RT1cbi0tLS0tRU5EIFBSSVZBVEUgS0VZLS0tLS1cbiIsCiAgImNsaWVudF9lbWFpbCI6ICJjcy1zYS1wcm9kdWN0aW9uQGFydGljdWxhdGUtcHJvZHVjdGlvbi0xLmlhbS5nc2VydmljZWFjY291bnQuY29tIiwKICAiY2xpZW50X2lkIjogIjExNzI0NDE5NzQ1OTMwMDQ0NjAwNyIsCiAgImF1dGhfdXJpIjogImh0dHBzOi8vYWNjb3VudHMuZ29vZ2xlLmNvbS9vL29hdXRoMi9hdXRoIiwKICAidG9rZW5fdXJpIjogImh0dHBzOi8vb2F1dGgyLmdvb2dsZWFwaXMuY29tL3Rva2VuIiwKICAiYXV0aF9wcm92aWRlcl94NTA5X2NlcnRfdXJsIjogImh0dHBzOi8vd3d3Lmdvb2dsZWFwaXMuY29tL29hdXRoMi92MS9jZXJ0cyIsCiAgImNsaWVudF94NTA5X2NlcnRfdXJsIjogImh0dHBzOi8vd3d3Lmdvb2dsZWFwaXMuY29tL3JvYm90L3YxL21ldGFkYXRhL3g1MDkvY3Mtc2EtcHJvZHVjdGlvbiU0MGFydGljdWxhdGUtcHJvZHVjdGlvbi0xLmlhbS5nc2VydmljZWFjY291bnQuY29tIiwKICAidW5pdmVyc2VfZG9tYWluIjogImdvb2dsZWFwaXMuY29tIgp9Cg==",
            "private_key_type": "TYPE_GOOGLE_CREDENTIALS_FILE",
            "public_key": "LS0tLS1CRUdJTiBDRVJUSUZJQ0FURS0tLS0tCk1JSUMvRENDQWVTZ0F3SUJBZ0lJWkY5SThLNHB2WVl3RFFZSktvWklodmNOQVFFRkJRQXdJREVlTUJ3R0ExVUUKQXhNVk1URTNNalEwTVRrM05EVTVNekF3TkRRMk1EQTNNQ0FYRFRJek1USXdPVEl4TkRreU1Gb1lEems1T1RreApNak14TWpNMU9UVTVXakFnTVI0d0hBWURWUVFERXhVeE1UY3lORFF4T1RjME5Ua3pNREEwTkRZd01EY3dnZ0VpCk1BMEdDU3FHU0liM0RRRUJBUVVBQTRJQkR3QXdnZ0VLQW9JQkFRQ0dJa0hQdDVhVlQzMXVxVDc4bU0rVHN5QzAKeVMxY1FSK2ZXcFE1ZzF4Z1JDSVoxM0ZyWjQvZjRuMXNLMU10N043QjB3eXBaaFltZjZtZ3UvdjlZRTVjVUhsUgpMM3I1b2dwcndSSnhjZGo5bDVGOWZsbVQ2SzdCZ3FOWTAyYnZtVzlCTGNJd3M0QkRWUWxOUDgrZi8yWncrRXFXCktSYW1acXFIY2N0RjZ3dUprVTRKN2NZck9tOEZFQmtNM0thWXRRcGZlZmQ1bkorYVlYaHRKR1JmSXp5THJ0RVMKM2I2MENKdU5RZERCRUdsY0xwMi9NR2FxRnpQa2xUNkR0WVhVVFNCdFF1MVJkMStaZjZ2R3A1SUdLVEdVZ3hxNApMeVZ6TTNsUGFxOHhranhSQnplUStvWThwY3hUZHExTjJVZkpNRXdSL0xOTHFneEtKYzdEVzc4TVoxdi9BZ01CCkFBR2pPREEyTUF3R0ExVWRFd0VCL3dRQ01BQXdEZ1lEVlIwUEFRSC9CQVFEQWdlQU1CWUdBMVVkSlFFQi93UU0KTUFvR0NDc0dBUVVGQndNQ01BMEdDU3FHU0liM0RRRUJCUVVBQTRJQkFRQjczVG5TTGtSeUpkSmlxaCtGNzJZUgpxS2ZkZVZPNERQU1FGc1RzcngzZ3p6b1BvNDE2Yi9TR1B4STUrSUlVNzVwSnhsTFFWTFJqdjl1LzRyaXNreDl2Ck5ISzNVWmNiVXNMTVFhc1c3MzBMU2toWmJheTc0UmR4eXc4ZTN1anFDRXJ6Ynh3WWxRcEVncitVTnMxWjE2T0EKVy9Lc2pkWVZhaUdoYkkrYmRYNENObDZ2NTdJRFozbkJqT00rOXgvUHBlZDJCSnFZWTRTdVQ2Z3puWXZ3VFYxNApMRFRGcWNVYXlhcmllZ04vTGZWRU5oVCtiblcyZ3R4aThYcE4vbUd2dy9VZkpzNjBmN3d0UFRRa2wvY1BYOXpZCjlVOXQ1NENXYk41RG8zS0thQXNOUVJzRlpCK2phM3hyZnhCU2hneWxUZ3R2UW56bU9ubUh0TUVOUi9xWjZORCsKLS0tLS1FTkQgQ0VSVElGSUNBVEUtLS0tLQo=",
            "public_key_data": null,
            "public_key_type": "TYPE_X509_PEM_FILE",
            "service_account_id": "projects/articulate-production-1/serviceAccounts/cs-sa-production@articulate-production-1.iam.gserviceaccount.com",
            "valid_after": "2023-12-09T21:49:20Z",
            "valid_before": "9999-12-31T23:59:59Z"
          },
          "sensitive_attributes": [],
          "private": "bnVsbA==",
          "dependencies": [
            "google_service_account.cloud_storage"
          ]
        }
      ]
    },
    {
      "mode": "managed",
      "type": "google_storage_bucket",
      "name": "cloud_storage",
      "provider": "provider[\"registry.terraform.io/hashicorp/google\"]",
      "instances": [
        {
          "schema_version": 0,
          "attributes": {
            "autoclass": [],
            "cors": [
              {
                "max_age_seconds": 3600,
                "method": [
                  "GET",
                  "HEAD",
                  "PUT",
                  "POST"
                ],
                "origin": [
                  "*"
                ],
                "response_header": [
                  "*"
                ]
              }
            ],
            "custom_placement_config": [],
            "default_event_based_hold": false,
            "encryption": [],
            "force_destroy": false,
            "id": "articulate-store-production",
            "labels": {},
            "lifecycle_rule": [
              {
                "action": [
                  {
                    "storage_class": "",
                    "type": "Delete"
                  }
                ],
                "condition": [
                  {
                    "age": 0,
                    "created_before": "",
                    "custom_time_before": "",
                    "days_since_custom_time": 0,
                    "days_since_noncurrent_time": 0,
                    "matches_prefix": [],
                    "matches_storage_class": [],
                    "matches_suffix": [],
                    "noncurrent_time_before": "",
                    "num_newer_versions": 3,
                    "with_state": "ANY"
                  }
                ]
              }
            ],
            "location": "US",
            "logging": [],
            "name": "articulate-store-production",
            "project": "articulate-production-1",
            "public_access_prevention": "inherited",
            "requester_pays": false,
            "retention_policy": [],
            "self_link": "https://www.googleapis.com/storage/v1/b/articulate-store-production",
            "storage_class": "STANDARD",
            "timeouts": null,
            "uniform_bucket_level_access": true,
            "url": "gs://articulate-store-production",
            "versioning": [
              {
                "enabled": true
              }
            ],
            "website": []
          },
          "sensitive_attributes": [],
          "private": "eyJlMmJmYjczMC1lY2FhLTExZTYtOGY4OC0zNDM2M2JjN2M0YzAiOnsiY3JlYXRlIjo2MDAwMDAwMDAwMDAsInJlYWQiOjI0MDAwMDAwMDAwMCwidXBkYXRlIjoyNDAwMDAwMDAwMDB9fQ==",
          "dependencies": [
            "data.google_project.project"
          ]
        }
      ]
    },
    {
      "mode": "managed",
      "type": "google_storage_bucket_iam_member",
      "name": "cloud_storage_creator",
      "provider": "provider[\"registry.terraform.io/hashicorp/google\"]",
      "instances": [
        {
          "schema_version": 0,
          "attributes": {
            "bucket": "b/articulate-store-production",
            "condition": [],
            "etag": "CAU=",
            "id": "b/articulate-store-production/roles/storage.objectCreator/serviceAccount:cs-sa-production@articulate-production-1.iam.gserviceaccount.com",
            "member": "serviceAccount:cs-sa-production@articulate-production-1.iam.gserviceaccount.com",
            "role": "roles/storage.objectCreator"
          },
          "sensitive_attributes": [],
          "private": "bnVsbA==",
          "dependencies": [
            "data.google_project.project",
            "google_service_account.cloud_storage",
            "google_storage_bucket.cloud_storage"
          ]
        }
      ]
    },
    {
      "mode": "managed",
      "type": "google_storage_bucket_iam_member",
      "name": "cloud_storage_viewer",
      "provider": "provider[\"registry.terraform.io/hashicorp/google\"]",
      "instances": [
        {
          "schema_version": 0,
          "attributes": {
            "bucket": "b/articulate-store-production",
            "condition": [],
            "etag": "CAU=",
            "id": "b/articulate-store-production/roles/storage.objectViewer/serviceAccount:cs-sa-production@articulate-production-1.iam.gserviceaccount.com",
            "member": "serviceAccount:cs-sa-production@articulate-production-1.iam.gserviceaccount.com",
            "role": "roles/storage.objectViewer"
          },
          "sensitive_attributes": [],
          "private": "bnVsbA==",
          "dependencies": [
            "data.google_project.project",
            "google_service_account.cloud_storage",
            "google_storage_bucket.cloud_storage"
          ]
        }
      ]
    },
    {
      "mode": "managed",
      "type": "google_storage_bucket_iam_member",
      "name": "legacy_bucket_writer",
      "provider": "provider[\"registry.terraform.io/hashicorp/google\"]",
      "instances": [
        {
          "schema_version": 0,
          "attributes": {
            "bucket": "b/articulate-store-production",
            "condition": [],
            "etag": "CAI=",
            "id": "b/articulate-store-production/roles/storage.legacyBucketWriter/serviceAccount:cs-sa-production@articulate-production-1.iam.gserviceaccount.com",
            "member": "serviceAccount:cs-sa-production@articulate-production-1.iam.gserviceaccount.com",
            "role": "roles/storage.legacyBucketWriter"
          },
          "sensitive_attributes": [],
          "private": "bnVsbA==",
          "dependencies": [
            "data.google_project.project",
            "google_service_account.cloud_storage",
            "google_storage_bucket.cloud_storage"
          ]
        }
      ]
    },
    {
      "mode": "managed",
      "type": "google_storage_bucket_iam_member",
      "name": "public",
      "provider": "provider[\"registry.terraform.io/hashicorp/google\"]",
      "instances": [
        {
          "schema_version": 0,
          "attributes": {
            "bucket": "b/articulate-store-production",
            "condition": [],
            "etag": "CAU=",
            "id": "b/articulate-store-production/roles/storage.objectViewer/allUsers",
            "member": "allUsers",
            "role": "roles/storage.objectViewer"
          },
          "sensitive_attributes": [],
          "private": "bnVsbA==",
          "dependencies": [
            "data.google_project.project",
            "google_storage_bucket.cloud_storage"
          ]
        }
      ]
    }
  ],
  "check_results": null
}
